
Microsoft Visual Studio Solution File, Format Version 12.00
# Visual Studio Version 17
VisualStudioVersion = 17.14.36414.22
MinimumVisualStudioVersion = 10.0.40219.1
Project("{2150E333-8FDC-42A3-9474-1A3956D46DE8}") = "Task0", "Task0", "{02EA681E-C7D8-13C7-8484-4AC65E1B71E8}"
EndProject
Project("{FAE04EC0-301F-11D3-BF4B-00C04F79EFBC}") = "Tyuiu.BukhryakovAY.Sprint1.Task0.V1", "Tyuiu.BukhryakovAY.Sprint1.Task0.V0\Tyuiu.BukhryakovAY.Sprint1.Task0.V1.csproj", "{2A279730-D34A-4471-AA2B-70D9AF8D1351}"
EndProject
Project("{FAE04EC0-301F-11D3-BF4B-00C04F79EFBC}") = "Tyuiu.BukhryakovAY.Sprint1.Task0.V1.Lib", "Tyuiu.BukhryakovAY.Sprint1.Task0.V0.Lib\Tyuiu.BukhryakovAY.Sprint1.Task0.V1.Lib.csproj", "{69AF0318-5C23-48E5-B62D-7BE1A67AF136}"
EndProject
Project("{FAE04EC0-301F-11D3-BF4B-00C04F79EFBC}") = "Tyuiu.BukhryakovAY.Sprint1.Task0.V1.Test", "Tyuiu.BukhryakovAY.Sprint1.Task0.V0.Test\Tyuiu.BukhryakovAY.Sprint1.Task0.V1.Test.csproj", "{B3249C82-3FC6-41E5-BF18-44A0A638D820}"
EndProject
Project("{2150E333-8FDC-42A3-9474-1A3956D46DE8}") = "Task1", "Task1", "{9B6FF742-690C-4BFA-980D-A85B81F6D37E}"
EndProject
Project("{FAE04EC0-301F-11D3-BF4B-00C04F79EFBC}") = "Tyuiu.BukhryakovAY.Sprint1.Task1.V22", "Tyuiu.BukhryakovAY.Sprint1.Task1.V22\Tyuiu.BukhryakovAY.Sprint1.Task1.V22.csproj", "{128E5BF7-C008-4D69-AE34-C1C71CC5EB12}"
EndProject
Project("{FAE04EC0-301F-11D3-BF4B-00C04F79EFBC}") = "Tyuiu.BukhryakovAY.Sprint1.Task1.V22.Test", "Tyuiu.BukhryakovAY.Sprint1.Task1.V22.Test\Tyuiu.BukhryakovAY.Sprint1.Task1.V22.Test.csproj", "{1DCA09BE-8F8D-4EFA-ABD6-1546052EF00D}"
EndProject
Project("{FAE04EC0-301F-11D3-BF4B-00C04F79EFBC}") = "Tyuiu.BukhryakovAY.Sprint1.Task1.V22.Lib", "Tyuiu.BukhryakovAY.Sprint1.Task1.V22.Lib\Tyuiu.BukhryakovAY.Sprint1.Task1.V22.Lib.csproj", "{955AC9BA-4BF5-49BD-9A98-46DD15B335CB}"
EndProject
Project("{2150E333-8FDC-42A3-9474-1A3956D46DE8}") = "Task2", "Task2", "{A4514C6D-2D1E-469C-AA4D-F0CF7AC94440}"
EndProject
Project("{FAE04EC0-301F-11D3-BF4B-00C04F79EFBC}") = "Tyuiu.BukhryakovAY.Sprint1.Task2.V25", "Tyuiu.BukhryakovAY.Sprint1.Task2.V25\Tyuiu.BukhryakovAY.Sprint1.Task2.V25.csproj", "{B68ADF2E-3C5D-45FB-9A27-8A7F1A4A33C5}"
EndProject
Project("{FAE04EC0-301F-11D3-BF4B-00C04F79EFBC}") = "Tyuiu.BukhryakovAY.Sprint1.Task2.V25.Lib", "Tyuiu.BukhryakovAY.Sprint1.Task2.V25.Lib\Tyuiu.BukhryakovAY.Sprint1.Task2.V25.Lib.csproj", "{49EE957D-D8CF-4241-ADF1-9A9A15943499}"
EndProject
Project("{FAE04EC0-301F-11D3-BF4B-00C04F79EFBC}") = "Tyuiu.BukhryakovAY.Sprint1.Task2.V25.Test", "Tyuiu.BukhryakovAY.Sprint1.Task2.V25.Test\Tyuiu.BukhryakovAY.Sprint1.Task2.V25.Test.csproj", "{1412064B-F38B-4C1F-90EE-5E747E4C28BE}"
EndProject
Project("{2150E333-8FDC-42A3-9474-1A3956D46DE8}") = "Task3", "Task3", "{4DA56207-37E9-46B6-A93E-26ED19F37B55}"
EndProject
Project("{FAE04EC0-301F-11D3-BF4B-00C04F79EFBC}") = "Tyuiu.BukhryakovAY.Sprint1.Task3.V19", "Tyuiu.BukhryakovAY.Sprint1.Task3.V19\Tyuiu.BukhryakovAY.Sprint1.Task3.V19.csproj", "{96DB5F14-CEC2-4D80-A76B-5E3EC0349EAE}"
EndProject
Project("{FAE04EC0-301F-11D3-BF4B-00C04F79EFBC}") = "Tyuiu.BukhryakovAY.Sprint1.Task3.V19.Test", "Tyuiu.BukhryakovAY.Sprint1.Task3.V19.Test\Tyuiu.BukhryakovAY.Sprint1.Task3.V19.Test.csproj", "{A4F3D6E8-F4D6-4706-B8DE-523842144898}"
EndProject
Project("{FAE04EC0-301F-11D3-BF4B-00C04F79EFBC}") = "Tyuiu.BukhryakovAY.Sprint1.Task3.V19.Lib", "Tyuiu.BukhryakovAY.Sprint1.Task3.V19.Lib\Tyuiu.BukhryakovAY.Sprint1.Task3.V19.Lib.csproj", "{C10B9C8A-8B4E-42ED-BB37-B5F34220E2E1}"
EndProject
Project("{2150E333-8FDC-42A3-9474-1A3956D46DE8}") = "Task4", "Task4", "{EC5F84E4-ECF7-4793-AFA7-294280E15873}"
EndProject
Project("{FAE04EC0-301F-11D3-BF4B-00C04F79EFBC}") = "Tyuiu.BukhryakovAY.Sprint1.Task4.V16", "Tyuiu.BukhryakovAY.Sprint1.Task4.V16\Tyuiu.BukhryakovAY.Sprint1.Task4.V16.csproj", "{5D950760-EC19-42EB-983F-EB8CB8E06EEE}"
EndProject
Project("{FAE04EC0-301F-11D3-BF4B-00C04F79EFBC}") = "Tyuiu.BukhryakovAY.Sprint1.Task4.V16.Lib", "Tyuiu.BukhryakovAY.Sprint1.Task4.V16.Lib\Tyuiu.BukhryakovAY.Sprint1.Task4.V16.Lib.csproj", "{3AD3E17C-F48F-4A32-B4BA-4F10BCFE93E7}"
EndProject
Project("{FAE04EC0-301F-11D3-BF4B-00C04F79EFBC}") = "Tyuiu.BukhryakovAY.Sprint1.Task4.V16.Test", "Tyuiu.BukhryakovAY.Sprint1.Task4.V16.Test\Tyuiu.BukhryakovAY.Sprint1.Task4.V16.Test.csproj", "{BD7E5D29-2A15-487E-9495-9A40889BE7D0}"
EndProject
Project("{2150E333-8FDC-42A3-9474-1A3956D46DE8}") = "Task5", "Task5", "{FA18136F-129A-4CB2-AB53-E4A504FC0BBF}"
EndProject
Project("{FAE04EC0-301F-11D3-BF4B-00C04F79EFBC}") = "Tyuiu.BukhryakovAY.Sprint1.Task5.V5", "Tyuiu.BukhryakovAY.Sprint1.Task5.V5\Tyuiu.BukhryakovAY.Sprint1.Task5.V5.csproj", "{B991E2C2-8716-4709-99CF-B301403F15B6}"
EndProject
Project("{FAE04EC0-301F-11D3-BF4B-00C04F79EFBC}") = "Tyuiu.BukhryakovAY.Sprint1.Task5.V5.Test", "Tyuiu.BukhryakovAY.Sprint1.Task5.V5.Test\Tyuiu.BukhryakovAY.Sprint1.Task5.V5.Test.csproj", "{AC96552D-D38D-4992-82E6-5EA22F7FD492}"
EndProject
Project("{FAE04EC0-301F-11D3-BF4B-00C04F79EFBC}") = "Tyuiu.BukhryakovAY.Sprint1.Task5.V5.Lib", "Tyuiu.BukhryakovAY.Sprint1.Task5.V5.Lib\Tyuiu.BukhryakovAY.Sprint1.Task5.V5.Lib.csproj", "{5478E916-EBDD-42E7-BA0D-47DCA171E6FA}"
EndProject
Global
	GlobalSection(SolutionConfigurationPlatforms) = preSolution
		Debug|Any CPU = Debug|Any CPU
		Release|Any CPU = Release|Any CPU
	EndGlobalSection
	GlobalSection(ProjectConfigurationPlatforms) = postSolution
		{2A279730-D34A-4471-AA2B-70D9AF8D1351}.Debug|Any CPU.ActiveCfg = Debug|Any CPU
		{2A279730-D34A-4471-AA2B-70D9AF8D1351}.Debug|Any CPU.Build.0 = Debug|Any CPU
		{2A279730-D34A-4471-AA2B-70D9AF8D1351}.Release|Any CPU.ActiveCfg = Release|Any CPU
		{2A279730-D34A-4471-AA2B-70D9AF8D1351}.Release|Any CPU.Build.0 = Release|Any CPU
		{69AF0318-5C23-48E5-B62D-7BE1A67AF136}.Debug|Any CPU.ActiveCfg = Debug|Any CPU
		{69AF0318-5C23-48E5-B62D-7BE1A67AF136}.Debug|Any CPU.Build.0 = Debug|Any CPU
		{69AF0318-5C23-48E5-B62D-7BE1A67AF136}.Release|Any CPU.ActiveCfg = Release|Any CPU
		{69AF0318-5C23-48E5-B62D-7BE1A67AF136}.Release|Any CPU.Build.0 = Release|Any CPU
		{B3249C82-3FC6-41E5-BF18-44A0A638D820}.Debug|Any CPU.ActiveCfg = Debug|Any CPU
		{B3249C82-3FC6-41E5-BF18-44A0A638D820}.Debug|Any CPU.Build.0 = Debug|Any CPU
		{B3249C82-3FC6-41E5-BF18-44A0A638D820}.Release|Any CPU.ActiveCfg = Release|Any CPU
		{B3249C82-3FC6-41E5-BF18-44A0A638D820}.Release|Any CPU.Build.0 = Release|Any CPU
		{128E5BF7-C008-4D69-AE34-C1C71CC5EB12}.Debug|Any CPU.ActiveCfg = Debug|Any CPU
		{128E5BF7-C008-4D69-AE34-C1C71CC5EB12}.Debug|Any CPU.Build.0 = Debug|Any CPU
		{128E5BF7-C008-4D69-AE34-C1C71CC5EB12}.Release|Any CPU.ActiveCfg = Release|Any CPU
		{128E5BF7-C008-4D69-AE34-C1C71CC5EB12}.Release|Any CPU.Build.0 = Release|Any CPU
		{1DCA09BE-8F8D-4EFA-ABD6-1546052EF00D}.Debug|Any CPU.ActiveCfg = Debug|Any CPU
		{1DCA09BE-8F8D-4EFA-ABD6-1546052EF00D}.Debug|Any CPU.Build.0 = Debug|Any CPU
		{1DCA09BE-8F8D-4EFA-ABD6-1546052EF00D}.Release|Any CPU.ActiveCfg = Release|Any CPU
		{1DCA09BE-8F8D-4EFA-ABD6-1546052EF00D}.Release|Any CPU.Build.0 = Release|Any CPU
		{955AC9BA-4BF5-49BD-9A98-46DD15B335CB}.Debug|Any CPU.ActiveCfg = Debug|Any CPU
		{955AC9BA-4BF5-49BD-9A98-46DD15B335CB}.Debug|Any CPU.Build.0 = Debug|Any CPU
		{955AC9BA-4BF5-49BD-9A98-46DD15B335CB}.Release|Any CPU.ActiveCfg = Release|Any CPU
		{955AC9BA-4BF5-49BD-9A98-46DD15B335CB}.Release|Any CPU.Build.0 = Release|Any CPU
		{B68ADF2E-3C5D-45FB-9A27-8A7F1A4A33C5}.Debug|Any CPU.ActiveCfg = Debug|Any CPU
		{B68ADF2E-3C5D-45FB-9A27-8A7F1A4A33C5}.Debug|Any CPU.Build.0 = Debug|Any CPU
		{B68ADF2E-3C5D-45FB-9A27-8A7F1A4A33C5}.Release|Any CPU.ActiveCfg = Release|Any CPU
		{B68ADF2E-3C5D-45FB-9A27-8A7F1A4A33C5}.Release|Any CPU.Build.0 = Release|Any CPU
		{49EE957D-D8CF-4241-ADF1-9A9A15943499}.Debug|Any CPU.ActiveCfg = Debug|Any CPU
		{49EE957D-D8CF-4241-ADF1-9A9A15943499}.Debug|Any CPU.Build.0 = Debug|Any CPU
		{49EE957D-D8CF-4241-ADF1-9A9A15943499}.Release|Any CPU.ActiveCfg = Release|Any CPU
		{49EE957D-D8CF-4241-ADF1-9A9A15943499}.Release|Any CPU.Build.0 = Release|Any CPU
		{1412064B-F38B-4C1F-90EE-5E747E4C28BE}.Debug|Any CPU.ActiveCfg = Debug|Any CPU
		{1412064B-F38B-4C1F-90EE-5E747E4C28BE}.Debug|Any CPU.Build.0 = Debug|Any CPU
		{1412064B-F38B-4C1F-90EE-5E747E4C28BE}.Release|Any CPU.ActiveCfg = Release|Any CPU
		{1412064B-F38B-4C1F-90EE-5E747E4C28BE}.Release|Any CPU.Build.0 = Release|Any CPU
		{96DB5F14-CEC2-4D80-A76B-5E3EC0349EAE}.Debug|Any CPU.ActiveCfg = Debug|Any CPU
		{96DB5F14-CEC2-4D80-A76B-5E3EC0349EAE}.Debug|Any CPU.Build.0 = Debug|Any CPU
		{96DB5F14-CEC2-4D80-A76B-5E3EC0349EAE}.Release|Any CPU.ActiveCfg = Release|Any CPU
		{96DB5F14-CEC2-4D80-A76B-5E3EC0349EAE}.Release|Any CPU.Build.0 = Release|Any CPU
		{A4F3D6E8-F4D6-4706-B8DE-523842144898}.Debug|Any CPU.ActiveCfg = Debug|Any CPU
		{A4F3D6E8-F4D6-4706-B8DE-523842144898}.Debug|Any CPU.Build.0 = Debug|Any CPU
		{A4F3D6E8-F4D6-4706-B8DE-523842144898}.Release|Any CPU.ActiveCfg = Release|Any CPU
		{A4F3D6E8-F4D6-4706-B8DE-523842144898}.Release|Any CPU.Build.0 = Release|Any CPU
		{C10B9C8A-8B4E-42ED-BB37-B5F34220E2E1}.Debug|Any CPU.ActiveCfg = Debug|Any CPU
		{C10B9C8A-8B4E-42ED-BB37-B5F34220E2E1}.Debug|Any CPU.Build.0 = Debug|Any CPU
		{C10B9C8A-8B4E-42ED-BB37-B5F34220E2E1}.Release|Any CPU.ActiveCfg = Release|Any CPU
		{C10B9C8A-8B4E-42ED-BB37-B5F34220E2E1}.Release|Any CPU.Build.0 = Release|Any CPU
		{5D950760-EC19-42EB-983F-EB8CB8E06EEE}.Debug|Any CPU.ActiveCfg = Debug|Any CPU
		{5D950760-EC19-42EB-983F-EB8CB8E06EEE}.Debug|Any CPU.Build.0 = Debug|Any CPU
		{5D950760-EC19-42EB-983F-EB8CB8E06EEE}.Release|Any CPU.ActiveCfg = Release|Any CPU
		{5D950760-EC19-42EB-983F-EB8CB8E06EEE}.Release|Any CPU.Build.0 = Release|Any CPU
		{3AD3E17C-F48F-4A32-B4BA-4F10BCFE93E7}.Debug|Any CPU.ActiveCfg = Debug|Any CPU
		{3AD3E17C-F48F-4A32-B4BA-4F10BCFE93E7}.Debug|Any CPU.Build.0 = Debug|Any CPU
		{3AD3E17C-F48F-4A32-B4BA-4F10BCFE93E7}.Release|Any CPU.ActiveCfg = Release|Any CPU
		{3AD3E17C-F48F-4A32-B4BA-4F10BCFE93E7}.Release|Any CPU.Build.0 = Release|Any CPU
		{BD7E5D29-2A15-487E-9495-9A40889BE7D0}.Debug|Any CPU.ActiveCfg = Debug|Any CPU
		{BD7E5D29-2A15-487E-9495-9A40889BE7D0}.Debug|Any CPU.Build.0 = Debug|Any CPU
		{BD7E5D29-2A15-487E-9495-9A40889BE7D0}.Release|Any CPU.ActiveCfg = Release|Any CPU
		{BD7E5D29-2A15-487E-9495-9A40889BE7D0}.Release|Any CPU.Build.0 = Release|Any CPU
		{B991E2C2-8716-4709-99CF-B301403F15B6}.Debug|Any CPU.ActiveCfg = Debug|Any CPU
		{B991E2C2-8716-4709-99CF-B301403F15B6}.Debug|Any CPU.Build.0 = Debug|Any CPU
		{B991E2C2-8716-4709-99CF-B301403F15B6}.Release|Any CPU.ActiveCfg = Release|Any CPU
		{B991E2C2-8716-4709-99CF-B301403F15B6}.Release|Any CPU.Build.0 = Release|Any CPU
		{AC96552D-D38D-4992-82E6-5EA22F7FD492}.Debug|Any CPU.ActiveCfg = Debug|Any CPU
		{AC96552D-D38D-4992-82E6-5EA22F7FD492}.Debug|Any CPU.Build.0 = Debug|Any CPU
		{AC96552D-D38D-4992-82E6-5EA22F7FD492}.Release|Any CPU.ActiveCfg = Release|Any CPU
		{AC96552D-D38D-4992-82E6-5EA22F7FD492}.Release|Any CPU.Build.0 = Release|Any CPU
		{5478E916-EBDD-42E7-BA0D-47DCA171E6FA}.Debug|Any CPU.ActiveCfg = Debug|Any CPU
		{5478E916-EBDD-42E7-BA0D-47DCA171E6FA}.Debug|Any CPU.Build.0 = Debug|Any CPU
		{5478E916-EBDD-42E7-BA0D-47DCA171E6FA}.Release|Any CPU.ActiveCfg = Release|Any CPU
		{5478E916-EBDD-42E7-BA0D-47DCA171E6FA}.Release|Any CPU.Build.0 = Release|Any CPU
	EndGlobalSection
	GlobalSection(SolutionProperties) = preSolution
		HideSolutionNode = FALSE
	EndGlobalSection
	GlobalSection(NestedProjects) = preSolution
		{2A279730-D34A-4471-AA2B-70D9AF8D1351} = {02EA681E-C7D8-13C7-8484-4AC65E1B71E8}
		{69AF0318-5C23-48E5-B62D-7BE1A67AF136} = {02EA681E-C7D8-13C7-8484-4AC65E1B71E8}
		{B3249C82-3FC6-41E5-BF18-44A0A638D820} = {02EA681E-C7D8-13C7-8484-4AC65E1B71E8}
		{128E5BF7-C008-4D69-AE34-C1C71CC5EB12} = {9B6FF742-690C-4BFA-980D-A85B81F6D37E}
		{1DCA09BE-8F8D-4EFA-ABD6-1546052EF00D} = {9B6FF742-690C-4BFA-980D-A85B81F6D37E}
		{955AC9BA-4BF5-49BD-9A98-46DD15B335CB} = {9B6FF742-690C-4BFA-980D-A85B81F6D37E}
		{B68ADF2E-3C5D-45FB-9A27-8A7F1A4A33C5} = {A4514C6D-2D1E-469C-AA4D-F0CF7AC94440}
		{49EE957D-D8CF-4241-ADF1-9A9A15943499} = {A4514C6D-2D1E-469C-AA4D-F0CF7AC94440}
		{1412064B-F38B-4C1F-90EE-5E747E4C28BE} = {A4514C6D-2D1E-469C-AA4D-F0CF7AC94440}
		{96DB5F14-CEC2-4D80-A76B-5E3EC0349EAE} = {4DA56207-37E9-46B6-A93E-26ED19F37B55}
		{A4F3D6E8-F4D6-4706-B8DE-523842144898} = {4DA56207-37E9-46B6-A93E-26ED19F37B55}
		{C10B9C8A-8B4E-42ED-BB37-B5F34220E2E1} = {4DA56207-37E9-46B6-A93E-26ED19F37B55}
		{5D950760-EC19-42EB-983F-EB8CB8E06EEE} = {EC5F84E4-ECF7-4793-AFA7-294280E15873}
		{3AD3E17C-F48F-4A32-B4BA-4F10BCFE93E7} = {EC5F84E4-ECF7-4793-AFA7-294280E15873}
		{BD7E5D29-2A15-487E-9495-9A40889BE7D0} = {EC5F84E4-ECF7-4793-AFA7-294280E15873}
		{B991E2C2-8716-4709-99CF-B301403F15B6} = {FA18136F-129A-4CB2-AB53-E4A504FC0BBF}
		{AC96552D-D38D-4992-82E6-5EA22F7FD492} = {FA18136F-129A-4CB2-AB53-E4A504FC0BBF}
		{5478E916-EBDD-42E7-BA0D-47DCA171E6FA} = {FA18136F-129A-4CB2-AB53-E4A504FC0BBF}
	EndGlobalSection
	GlobalSection(ExtensibilityGlobals) = postSolution
		SolutionGuid = {2AE5A541-BC38-4879-8F01-ACA880D37323}
	EndGlobalSection
EndGlobal
