
Microsoft Visual Studio Solution File, Format Version 12.00
# Visual Studio Version 17
VisualStudioVersion = 17.14.36414.22
MinimumVisualStudioVersion = 10.0.40219.1
Project("{2150E333-8FDC-42A3-9474-1A3956D46DE8}") = "Task0", "Task0", "{02EA681E-C7D8-13C7-8484-4AC65E1B71E8}"
EndProject
Project("{FAE04EC0-301F-11D3-BF4B-00C04F79EFBC}") = "Tyuiu.BukhryakovAY.Sprint1.Task0.V1", "Tyuiu.BukhryakovAY.Sprint1.Task0.V0\Tyuiu.BukhryakovAY.Sprint1.Task0.V1.csproj", "{2A279730-D34A-4471-AA2B-70D9AF8D1351}"
EndProject
Project("{FAE04EC0-301F-11D3-BF4B-00C04F79EFBC}") = "Tyuiu.BukhryakovAY.Sprint1.Task0.V1.Lib", "Tyuiu.BukhryakovAY.Sprint1.Task0.V0.Lib\Tyuiu.BukhryakovAY.Sprint1.Task0.V1.Lib.csproj", "{69AF0318-5C23-48E5-B62D-7BE1A67AF136}"
EndProject
Project("{FAE04EC0-301F-11D3-BF4B-00C04F79EFBC}") = "Tyuiu.BukhryakovAY.Sprint1.Task0.V1.Test", "Tyuiu.BukhryakovAY.Sprint1.Task0.V0.Test\Tyuiu.BukhryakovAY.Sprint1.Task0.V1.Test.csproj", "{B3249C82-3FC6-41E5-BF18-44A0A638D820}"
EndProject
Project("{2150E333-8FDC-42A3-9474-1A3956D46DE8}") = "Task1", "Task1", "{9B6FF742-690C-4BFA-980D-A85B81F6D37E}"
EndProject
Project("{FAE04EC0-301F-11D3-BF4B-00C04F79EFBC}") = "Tyuiu.BukhryakovAY.Sprint1.Task1.V22", "Tyuiu.BukhryakovAY.Sprint1.Task1.V22\Tyuiu.BukhryakovAY.Sprint1.Task1.V22.csproj", "{128E5BF7-C008-4D69-AE34-C1C71CC5EB12}"
EndProject
Project("{FAE04EC0-301F-11D3-BF4B-00C04F79EFBC}") = "Tyuiu.BukhryakovAY.Sprint1.Task1.V22.Test", "Tyuiu.BukhryakovAY.Sprint1.Task1.V22.Test\Tyuiu.BukhryakovAY.Sprint1.Task1.V22.Test.csproj", "{1DCA09BE-8F8D-4EFA-ABD6-1546052EF00D}"
EndProject
Project("{FAE04EC0-301F-11D3-BF4B-00C04F79EFBC}") = "Tyuiu.BukhryakovAY.Sprint1.Task1.V22.Lib", "Tyuiu.BukhryakovAY.Sprint1.Task1.V22.Lib\Tyuiu.BukhryakovAY.Sprint1.Task1.V22.Lib.csproj", "{955AC9BA-4BF5-49BD-9A98-46DD15B335CB}"
EndProject
Global
	GlobalSection(SolutionConfigurationPlatforms) = preSolution
		Debug|Any CPU = Debug|Any CPU
		Release|Any CPU = Release|Any CPU
	EndGlobalSection
	GlobalSection(ProjectConfigurationPlatforms) = postSolution
		{2A279730-D34A-4471-AA2B-70D9AF8D1351}.Debug|Any CPU.ActiveCfg = Debug|Any CPU
		{2A279730-D34A-4471-AA2B-70D9AF8D1351}.Debug|Any CPU.Build.0 = Debug|Any CPU
		{2A279730-D34A-4471-AA2B-70D9AF8D1351}.Release|Any CPU.ActiveCfg = Release|Any CPU
		{2A279730-D34A-4471-AA2B-70D9AF8D1351}.Release|Any CPU.Build.0 = Release|Any CPU
		{69AF0318-5C23-48E5-B62D-7BE1A67AF136}.Debug|Any CPU.ActiveCfg = Debug|Any CPU
		{69AF0318-5C23-48E5-B62D-7BE1A67AF136}.Debug|Any CPU.Build.0 = Debug|Any CPU
		{69AF0318-5C23-48E5-B62D-7BE1A67AF136}.Release|Any CPU.ActiveCfg = Release|Any CPU
		{69AF0318-5C23-48E5-B62D-7BE1A67AF136}.Release|Any CPU.Build.0 = Release|Any CPU
		{B3249C82-3FC6-41E5-BF18-44A0A638D820}.Debug|Any CPU.ActiveCfg = Debug|Any CPU
		{B3249C82-3FC6-41E5-BF18-44A0A638D820}.Debug|Any CPU.Build.0 = Debug|Any CPU
		{B3249C82-3FC6-41E5-BF18-44A0A638D820}.Release|Any CPU.ActiveCfg = Release|Any CPU
		{B3249C82-3FC6-41E5-BF18-44A0A638D820}.Release|Any CPU.Build.0 = Release|Any CPU
		{128E5BF7-C008-4D69-AE34-C1C71CC5EB12}.Debug|Any CPU.ActiveCfg = Debug|Any CPU
		{128E5BF7-C008-4D69-AE34-C1C71CC5EB12}.Debug|Any CPU.Build.0 = Debug|Any CPU
		{128E5BF7-C008-4D69-AE34-C1C71CC5EB12}.Release|Any CPU.ActiveCfg = Release|Any CPU
		{128E5BF7-C008-4D69-AE34-C1C71CC5EB12}.Release|Any CPU.Build.0 = Release|Any CPU
		{1DCA09BE-8F8D-4EFA-ABD6-1546052EF00D}.Debug|Any CPU.ActiveCfg = Debug|Any CPU
		{1DCA09BE-8F8D-4EFA-ABD6-1546052EF00D}.Debug|Any CPU.Build.0 = Debug|Any CPU
		{1DCA09BE-8F8D-4EFA-ABD6-1546052EF00D}.Release|Any CPU.ActiveCfg = Release|Any CPU
		{1DCA09BE-8F8D-4EFA-ABD6-1546052EF00D}.Release|Any CPU.Build.0 = Release|Any CPU
		{955AC9BA-4BF5-49BD-9A98-46DD15B335CB}.Debug|Any CPU.ActiveCfg = Debug|Any CPU
		{955AC9BA-4BF5-49BD-9A98-46DD15B335CB}.Debug|Any CPU.Build.0 = Debug|Any CPU
		{955AC9BA-4BF5-49BD-9A98-46DD15B335CB}.Release|Any CPU.ActiveCfg = Release|Any CPU
		{955AC9BA-4BF5-49BD-9A98-46DD15B335CB}.Release|Any CPU.Build.0 = Release|Any CPU
	EndGlobalSection
	GlobalSection(SolutionProperties) = preSolution
		HideSolutionNode = FALSE
	EndGlobalSection
	GlobalSection(NestedProjects) = preSolution
		{2A279730-D34A-4471-AA2B-70D9AF8D1351} = {02EA681E-C7D8-13C7-8484-4AC65E1B71E8}
		{69AF0318-5C23-48E5-B62D-7BE1A67AF136} = {02EA681E-C7D8-13C7-8484-4AC65E1B71E8}
		{B3249C82-3FC6-41E5-BF18-44A0A638D820} = {02EA681E-C7D8-13C7-8484-4AC65E1B71E8}
		{128E5BF7-C008-4D69-AE34-C1C71CC5EB12} = {9B6FF742-690C-4BFA-980D-A85B81F6D37E}
		{1DCA09BE-8F8D-4EFA-ABD6-1546052EF00D} = {9B6FF742-690C-4BFA-980D-A85B81F6D37E}
		{955AC9BA-4BF5-49BD-9A98-46DD15B335CB} = {9B6FF742-690C-4BFA-980D-A85B81F6D37E}
	EndGlobalSection
	GlobalSection(ExtensibilityGlobals) = postSolution
		SolutionGuid = {2AE5A541-BC38-4879-8F01-ACA880D37323}
	EndGlobalSection
EndGlobal
